
Microsoft Visual Studio Solution File, Format Version 12.00
# Visual Studio Version 16
VisualStudioVersion = 16.0.30611.23
MinimumVisualStudioVersion = 10.0.40219.1
Project("{FAE04EC0-301F-11D3-BF4B-00C04F79EFBC}") = "TemplateManager", "TemplateManager\TemplateManager.csproj", "{6BA5B775-B9E7-45A6-A711-ECA191DA7976}"
EndProject
Project("{FAE04EC0-301F-11D3-BF4B-00C04F79EFBC}") = "Presentation", "Presentation\Presentation.csproj", "{8440EAEC-031E-4E5F-9139-10976638E776}"
EndProject
Project("{FAE04EC0-301F-11D3-BF4B-00C04F79EFBC}") = "DomainModel", "DomainModel\DomainModel.csproj", "{AE438F51-4414-4541-8FB9-29D6948469D5}"
EndProject
Project("{2150E333-8FDC-42A3-9474-1A3956D46DE8}") = "ExampleTemplate", "ExampleTemplate", "{2ADA44C5-2A4B-4911-8492-B59829FFA91C}"
	ProjectSection(SolutionItems) = preProject
		E:\YANDEX\5_Мои проекты\Шатунов В.А. - Тестовое задание\хлынов\ШаблонДоверенностиНаТС.docx = E:\YANDEX\5_Мои проекты\Шатунов В.А. - Тестовое задание\хлынов\ШаблонДоверенностиНаТС.docx
	EndProjectSection
EndProject
Global
	GlobalSection(SolutionConfigurationPlatforms) = preSolution
		Debug|Any CPU = Debug|Any CPU
		Release|Any CPU = Release|Any CPU
	EndGlobalSection
	GlobalSection(ProjectConfigurationPlatforms) = postSolution
		{6BA5B775-B9E7-45A6-A711-ECA191DA7976}.Debug|Any CPU.ActiveCfg = Debug|Any CPU
		{6BA5B775-B9E7-45A6-A711-ECA191DA7976}.Debug|Any CPU.Build.0 = Debug|Any CPU
		{6BA5B775-B9E7-45A6-A711-ECA191DA7976}.Release|Any CPU.ActiveCfg = Release|Any CPU
		{6BA5B775-B9E7-45A6-A711-ECA191DA7976}.Release|Any CPU.Build.0 = Release|Any CPU
		{8440EAEC-031E-4E5F-9139-10976638E776}.Debug|Any CPU.ActiveCfg = Debug|Any CPU
		{8440EAEC-031E-4E5F-9139-10976638E776}.Debug|Any CPU.Build.0 = Debug|Any CPU
		{8440EAEC-031E-4E5F-9139-10976638E776}.Release|Any CPU.ActiveCfg = Release|Any CPU
		{8440EAEC-031E-4E5F-9139-10976638E776}.Release|Any CPU.Build.0 = Release|Any CPU
		{AE438F51-4414-4541-8FB9-29D6948469D5}.Debug|Any CPU.ActiveCfg = Debug|Any CPU
		{AE438F51-4414-4541-8FB9-29D6948469D5}.Debug|Any CPU.Build.0 = Debug|Any CPU
		{AE438F51-4414-4541-8FB9-29D6948469D5}.Release|Any CPU.ActiveCfg = Release|Any CPU
		{AE438F51-4414-4541-8FB9-29D6948469D5}.Release|Any CPU.Build.0 = Release|Any CPU
	EndGlobalSection
	GlobalSection(SolutionProperties) = preSolution
		HideSolutionNode = FALSE
	EndGlobalSection
	GlobalSection(ExtensibilityGlobals) = postSolution
		SolutionGuid = {77ABC95C-EB6B-457A-B28B-C8BC57681372}
	EndGlobalSection
EndGlobal
